
Microsoft Visual Studio Solution File, Format Version 12.00
# Visual Studio Version 17
VisualStudioVersion = 17.0.32112.339
MinimumVisualStudioVersion = 10.0.40219.1
Project("{FAE04EC0-301F-11D3-BF4B-00C04F79EFBC}") = "SQLiteDemo", "SQLiteDemo\SQLiteDemo.csproj", "{4AAFFF8E-D232-4557-8F1E-44DAFFCFB877}"
EndProject
Global
	GlobalSection(SolutionConfigurationPlatforms) = preSolution
		Debug|Any CPU = Debug|Any CPU
		Release|Any CPU = Release|Any CPU
	EndGlobalSection
	GlobalSection(ProjectConfigurationPlatforms) = postSolution
		{4AAFFF8E-D232-4557-8F1E-44DAFFCFB877}.Debug|Any CPU.ActiveCfg = Debug|Any CPU
		{4AAFFF8E-D232-4557-8F1E-44DAFFCFB877}.Debug|Any CPU.Build.0 = Debug|Any CPU
		{4AAFFF8E-D232-4557-8F1E-44DAFFCFB877}.Release|Any CPU.ActiveCfg = Release|Any CPU
		{4AAFFF8E-D232-4557-8F1E-44DAFFCFB877}.Release|Any CPU.Build.0 = Release|Any CPU
	EndGlobalSection
	GlobalSection(SolutionProperties) = preSolution
		HideSolutionNode = FALSE
	EndGlobalSection
	GlobalSection(ExtensibilityGlobals) = postSolution
		SolutionGuid = {0E0E8679-3B17-4B43-89C2-CDE92C47571F}
	EndGlobalSection
EndGlobal
